
Microsoft Visual Studio Solution File, Format Version 12.00
# Visual Studio 15
VisualStudioVersion = 15.0.28307.489
MinimumVisualStudioVersion = 10.0.40219.1
Project("{FAE04EC0-301F-11D3-BF4B-00C04F79EFBC}") = "SapXepTen", "SapXepTen\SapXepTen.csproj", "{12862ADD-5770-42D3-B107-5D7D44AAAAAD}"
EndProject
Global
	GlobalSection(SolutionConfigurationPlatforms) = preSolution
		Debug|Any CPU = Debug|Any CPU
		Release|Any CPU = Release|Any CPU
	EndGlobalSection
	GlobalSection(ProjectConfigurationPlatforms) = postSolution
		{12862ADD-5770-42D3-B107-5D7D44AAAAAD}.Debug|Any CPU.ActiveCfg = Debug|Any CPU
		{12862ADD-5770-42D3-B107-5D7D44AAAAAD}.Debug|Any CPU.Build.0 = Debug|Any CPU
		{12862ADD-5770-42D3-B107-5D7D44AAAAAD}.Release|Any CPU.ActiveCfg = Release|Any CPU
		{12862ADD-5770-42D3-B107-5D7D44AAAAAD}.Release|Any CPU.Build.0 = Release|Any CPU
	EndGlobalSection
	GlobalSection(SolutionProperties) = preSolution
		HideSolutionNode = FALSE
	EndGlobalSection
	GlobalSection(ExtensibilityGlobals) = postSolution
		SolutionGuid = {075E5E36-6F65-4CBE-A030-3295800D1102}
	EndGlobalSection
EndGlobal
